gopkg.in/check.v1 v0.0.0-20161208181325-20d25e280405/go.mod h1:Co6ibVJAznAaIkqp8huTwlJQCZ016jof/cbN4VW5Yz0=
gopkg.in/yaml.v3 v3.0.0-20200313102051-9f266ea9e77c h1:dUUwHk2QECo/6vqA44rthZ8ie2QXMNeKRTHCNY2nXvo=
gopkg.in/yaml.v3 v3.0.0-20200313102051-9f266ea9e77c/go.mod h1:K4uyk7z7BCEPqu6E+C64Yfv1cQ7kz7rIZviUmN+EgEM=
gopkg.in/yaml.v3 v3.0.0-20200504163728-5308cda29e3d h1:6bgL440VgqcwXl4vE9sB7DRHhANM+WO/1llfOXSU9ZM=
gopkg.in/yaml.v3 v3.0.0-20200504163728-5308cda29e3d/go.mod h1:K4uyk7z7BCEPqu6E+C64Yfv1cQ7kz7rIZviUmN+EgEM=
gopkg.in/yaml.v3 v3.0.0-20200506231410-2ff61e1afc86 h1:OfFoIUYv/me30yv7XlMy4F9RJw8DEm8WQ6QG1Ph4bH0=
gopkg.in/yaml.v3 v3.0.0-20200506231410-2ff61e1afc86/go.mod h1:K4uyk7z7BCEPqu6E+C64Yfv1cQ7kz7rIZviUmN+EgEM=
